{
  "nodes": {
    "nixpkgs": {
      "locked": {
        "lastModified": 1704903352,
        "narHash": "sha256-epgH5+Ko0LI/wtj6bbr0HEdKrS2IZsSUn93q+/nh3lE=",
        "owner": "NixOS",
        "repo": "nixpkgs",
        "rev": "5cc3960f3b80a5e984bd5b29900e92ccf6b99218",
        "type": "github"
      },
      "original": {
        "owner": "NixOS",
        "ref": "release-23.11",
        "repo": "nixpkgs",
        "type": "github"
      }
    },
    "root": {
      "inputs": {
        "nixpkgs": "nixpkgs"
      }
    }
  },
  "root": "root",
  "version": 7
}
