{
  "nodes": {
    "nixpkgs": {
      "locked": {
        "lastModified": 1715289046,
        "narHash": "sha256-+AcieSU7Hz96QmtvnKYee/7DdHoZngeKGfkNgLirtTE=",
        "owner": "NixOS",
        "repo": "nixpkgs",
        "rev": "3e66e7d2691aabbd54142c908981eb73eb2aa011",
        "type": "github"
      },
      "original": {
        "owner": "NixOS",
        "ref": "release-23.11",
        "repo": "nixpkgs",
        "type": "github"
      }
    },
    "root": {
      "inputs": {
        "nixpkgs": "nixpkgs"
      }
    }
  },
  "root": "root",
  "version": 7
}
