{
  "nodes": {
    "nipkgs": {
      "locked": {
        "lastModified": 1742477035,
        "narHash": "sha256-Cd/SF29YrLJOp6c5m0Kfg14tO1bVzj9n3xZQCrLRrWs=",
        "owner": "NixOS",
        "repo": "nixpkgs",
        "rev": "005fba1c2b781d37edb2858194ff52f0a90733fd",
        "type": "github"
      },
      "original": {
        "owner": "NixOS",
        "ref": "release-24.11",
        "repo": "nixpkgs",
        "type": "github"
      }
    },
    "nixpkgs": {
      "locked": {
        "lastModified": 1741332913,
        "narHash": "sha256-ri1e8ZliWS3Jnp9yqpKApHaOo7KBN33W8ECAKA4teAQ=",
        "path": "/nix/store/l75sdw6vydkwaa6cfrf33h2pnzikpxm8-source",
        "rev": "20755fa05115c84be00b04690630cb38f0a203ad",
        "type": "path"
      },
      "original": {
        "id": "nixpkgs",
        "type": "indirect"
      }
    },
    "root": {
      "inputs": {
        "nipkgs": "nipkgs",
        "nixpkgs": "nixpkgs"
      }
    }
  },
  "root": "root",
  "version": 7
}
