{
  "nodes": {
    "nixpkgs": {
      "locked": {
        "lastModified": 1706661183,
        "narHash": "sha256-3qdTE5T1o6ba6kP0ONRyHjcPMTmhv/UJE7lrcw0TOaA=",
        "owner": "NixOS",
        "repo": "nixpkgs",
        "rev": "3c25bb2b55f7db6599b01aab5b96e968847d6ca0",
        "type": "github"
      },
      "original": {
        "owner": "NixOS",
        "ref": "release-23.11",
        "repo": "nixpkgs",
        "type": "github"
      }
    },
    "root": {
      "inputs": {
        "nixpkgs": "nixpkgs"
      }
    }
  },
  "root": "root",
  "version": 7
}
