{
  "nodes": {
    "nixpkgs": {
      "locked": {
        "lastModified": 1756382132,
        "narHash": "sha256-+rOKwFuUxni+5FbVAYYZLRj821gcEGi2DWSDMwS9koM=",
        "owner": "NixOS",
        "repo": "nixpkgs",
        "rev": "89629da57e5bdbfbeb676fdb202e5652dff61057",
        "type": "github"
      },
      "original": {
        "owner": "NixOS",
        "ref": "release-25.05",
        "repo": "nixpkgs",
        "type": "github"
      }
    },
    "root": {
      "inputs": {
        "nixpkgs": "nixpkgs"
      }
    }
  },
  "root": "root",
  "version": 7
}
