{
  "nodes": {
    "nixpkgs": {
      "locked": {
        "lastModified": 1742477035,
        "narHash": "sha256-Cd/SF29YrLJOp6c5m0Kfg14tO1bVzj9n3xZQCrLRrWs=",
        "owner": "NixOS",
        "repo": "nixpkgs",
        "rev": "005fba1c2b781d37edb2858194ff52f0a90733fd",
        "type": "github"
      },
      "original": {
        "owner": "NixOS",
        "ref": "release-24.11",
        "repo": "nixpkgs",
        "type": "github"
      }
    },
    "root": {
      "inputs": {
        "nixpkgs": "nixpkgs"
      }
    }
  },
  "root": "root",
  "version": 7
}
